{
  "nodes": {
    "blueprint": {
      "inputs": {
        "nixpkgs": [
          "llm-agents",
          "nixpkgs"
        ],
        "systems": [
          "llm-agents",
          "systems"
        ]
      },
      "locked": {
        "lastModified": 1776249299,
        "narHash": "sha256-Dt9t1TGRmJFc0xVYhttNBD6QsAgHOHCArqGa0AyjrJY=",
        "owner": "numtide",
        "repo": "blueprint",
        "rev": "56131e8628f173d24a27f6d27c0215eff57e40dd",
        "type": "github"
      },
      "original": {
        "owner": "numtide",
        "repo": "blueprint",
        "type": "github"
      }
    },
    "bun2nix": {
      "inputs": {
        "flake-parts": [
          "llm-agents",
          "flake-parts"
        ],
        "nixpkgs": [
          "llm-agents",
          "nixpkgs"
        ],
        "systems": [
          "llm-agents",
          "systems"
        ],
        "treefmt-nix": [
          "llm-agents",
          "treefmt-nix"
        ]
      },
      "locked": {
        "lastModified": 1778446047,
        "narHash": "sha256-oQvcadh2BCkrog+SGrG6YffKJrveYpjj3TdQJWaKhaM=",
        "owner": "nix-community",
        "repo": "bun2nix",
        "rev": "f2bc12af1a6369648aac41041ceeaa0b866599c6",
        "type": "github"
      },
      "original": {
        "owner": "nix-community",
        "repo": "bun2nix",
        "type": "github"
      }
    },
    "cachyos-kernel": {
      "flake": false,
      "locked": {
        "lastModified": 1779085181,
        "narHash": "sha256-ZdiBlGOkI9tS3ggyNlJ5gU4qCkvGWLT3sbrnHEemN2o=",
        "owner": "CachyOS",
        "repo": "linux-cachyos",
        "rev": "391e1e35d62d30dccd14ec3af01d58e5310b7d80",
        "type": "github"
      },
      "original": {
        "owner": "CachyOS",
        "repo": "linux-cachyos",
        "type": "github"
      }
    },
    "cachyos-kernel-patches": {
      "flake": false,
      "locked": {
        "lastModified": 1779082750,
        "narHash": "sha256-yyk+TU5OF0JwTlTVqqvQIwsYWFZeSzGD5JqSUg52vHw=",
        "owner": "CachyOS",
        "repo": "kernel-patches",
        "rev": "2c2eb7e421e954960dd336d7d45c24f949475958",
        "type": "github"
      },
      "original": {
        "owner": "CachyOS",
        "repo": "kernel-patches",
        "type": "github"
      }
    },
    "context-mode": {
      "flake": false,
      "locked": {
        "lastModified": 1780322164,
        "narHash": "sha256-GShg4E+RMWNnZNpDir2yu/2oZngUtr8rwNxOtY5YWhY=",
        "owner": "mksglu",
        "repo": "context-mode",
        "rev": "2f92d3bc94736d7c0497bcbeecbfae72916774c4",
        "type": "github"
      },
      "original": {
        "owner": "mksglu",
        "repo": "context-mode",
        "type": "github"
      }
    },
    "flake-compat": {
      "flake": false,
      "locked": {
        "lastModified": 1767039857,
        "narHash": "sha256-vNpUSpF5Nuw8xvDLj2KCwwksIbjua2LZCqhV1LNRDns=",
        "owner": "NixOS",
        "repo": "flake-compat",
        "rev": "5edf11c44bc78a0d334f6334cdaf7d60d732daab",
        "type": "github"
      },
      "original": {
        "owner": "NixOS",
        "repo": "flake-compat",
        "type": "github"
      }
    },
    "flake-parts": {
      "inputs": {
        "nixpkgs-lib": [
          "llm-agents",
          "nixpkgs"
        ]
      },
      "locked": {
        "lastModified": 1778716662,
        "narHash": "sha256-m1Yf0wZ8j1OHjTc2UwHwyQRSnNeSgLJOd7q5Y45hzi4=",
        "owner": "hercules-ci",
        "repo": "flake-parts",
        "rev": "f7c1a2d347e4c52d5fb8d10cb4d94b5884e546fb",
        "type": "github"
      },
      "original": {
        "owner": "hercules-ci",
        "repo": "flake-parts",
        "type": "github"
      }
    },
    "flake-parts_2": {
      "inputs": {
        "nixpkgs-lib": [
          "mix-nix",
          "nixpkgs"
        ]
      },
      "locked": {
        "lastModified": 1778716662,
        "narHash": "sha256-m1Yf0wZ8j1OHjTc2UwHwyQRSnNeSgLJOd7q5Y45hzi4=",
        "owner": "hercules-ci",
        "repo": "flake-parts",
        "rev": "f7c1a2d347e4c52d5fb8d10cb4d94b5884e546fb",
        "type": "github"
      },
      "original": {
        "owner": "hercules-ci",
        "repo": "flake-parts",
        "type": "github"
      }
    },
    "flake-parts_3": {
      "inputs": {
        "nixpkgs-lib": "nixpkgs-lib"
      },
      "locked": {
        "lastModified": 1778716662,
        "narHash": "sha256-m1Yf0wZ8j1OHjTc2UwHwyQRSnNeSgLJOd7q5Y45hzi4=",
        "owner": "hercules-ci",
        "repo": "flake-parts",
        "rev": "f7c1a2d347e4c52d5fb8d10cb4d94b5884e546fb",
        "type": "github"
      },
      "original": {
        "owner": "hercules-ci",
        "repo": "flake-parts",
        "type": "github"
      }
    },
    "home-manager": {
      "inputs": {
        "nixpkgs": [
          "nixpkgs"
        ]
      },
      "locked": {
        "lastModified": 1780099287,
        "narHash": "sha256-efIPwVGtIWIjWcznhaop6XN6HxnOL8800hF6CBNvlqQ=",
        "owner": "nix-community",
        "repo": "home-manager",
        "rev": "7d8127d308c3fb9664f7e643eec944be74ebb37d",
        "type": "github"
      },
      "original": {
        "owner": "nix-community",
        "repo": "home-manager",
        "type": "github"
      }
    },
    "home-manager_2": {
      "inputs": {
        "nixpkgs": [
          "mix-nix",
          "nixpkgs"
        ]
      },
      "locked": {
        "lastModified": 1779213149,
        "narHash": "sha256-Cf+p/T4Z3n9Sw0TiR3kQaIwQI+/hfvLJcoTzeq6yS3E=",
        "owner": "nix-community",
        "repo": "home-manager",
        "rev": "bd868f769a69d3b6091a1da68a75cb83a181033c",
        "type": "github"
      },
      "original": {
        "owner": "nix-community",
        "repo": "home-manager",
        "type": "github"
      }
    },
    "llm-agents": {
      "inputs": {
        "blueprint": "blueprint",
        "bun2nix": "bun2nix",
        "flake-parts": "flake-parts",
        "nixpkgs": "nixpkgs",
        "systems": "systems",
        "treefmt-nix": "treefmt-nix"
      },
      "locked": {
        "lastModified": 1780293406,
        "narHash": "sha256-OdVUSGJCuIi33eWsIT0Cmvw3HvfsSslwuKTBUrY1zcc=",
        "owner": "numtide",
        "repo": "llm-agents.nix",
        "rev": "0e4618ed6c946427e3d036925f98211220834892",
        "type": "github"
      },
      "original": {
        "owner": "numtide",
        "repo": "llm-agents.nix",
        "type": "github"
      }
    },
    "matugen": {
      "inputs": {
        "nixpkgs": [
          "mix-nix",
          "nixpkgs"
        ],
        "systems": "systems_2"
      },
      "locked": {
        "lastModified": 1778875709,
        "narHash": "sha256-Hua2ZnLmTZt+OCqeouLlf3Ih1575hgnXLgwroSQDRjg=",
        "owner": "InioX",
        "repo": "Matugen",
        "rev": "811498879e927a5cce87ee72aae0dacaaba0a880",
        "type": "github"
      },
      "original": {
        "owner": "InioX",
        "repo": "Matugen",
        "type": "github"
      }
    },
    "mix-nix": {
      "inputs": {
        "flake-parts": "flake-parts_2",
        "home-manager": "home-manager_2",
        "matugen": "matugen",
        "nix-cachyos-kernel": "nix-cachyos-kernel",
        "nixpkgs": "nixpkgs_3",
        "nixpkgs-stable": "nixpkgs-stable"
      },
      "locked": {
        "lastModified": 1779879062,
        "narHash": "sha256-YjUUClL0NTgkMJ0C6dkGyZd16ee33Nvo1WaHxz+xh+Y=",
        "ref": "refs/heads/main",
        "rev": "e1dc37f929f1f97854af8379874beec4e4087e7d",
        "revCount": 125,
        "type": "git",
        "url": "file:///repo/Nix/mix.nix"
      },
      "original": {
        "type": "git",
        "url": "file:///repo/Nix/mix.nix"
      }
    },
    "nix-cachyos-kernel": {
      "inputs": {
        "cachyos-kernel": "cachyos-kernel",
        "cachyos-kernel-patches": "cachyos-kernel-patches",
        "flake-compat": "flake-compat",
        "flake-parts": "flake-parts_3",
        "nixpkgs": "nixpkgs_2"
      },
      "locked": {
        "lastModified": 1779131761,
        "narHash": "sha256-DIdXwxWzhECkp2n/OF15llkEHoGXLjwjCCg7oU+Qd2o=",
        "owner": "xddxdd",
        "repo": "nix-cachyos-kernel",
        "rev": "56707a2b9725fd5b030f508565ae3a1327d6ac44",
        "type": "github"
      },
      "original": {
        "owner": "xddxdd",
        "ref": "release",
        "repo": "nix-cachyos-kernel",
        "type": "github"
      }
    },
    "nixpkgs": {
      "locked": {
        "lastModified": 1780030872,
        "narHash": "sha256-u6WU/yd/o8iYQrHX3RAwO1hYa3LkoSL+WNQD0rJfJZQ=",
        "owner": "NixOS",
        "repo": "nixpkgs",
        "rev": "e9a7635a57597d9754eccebdfc7045e6c8600e6b",
        "type": "github"
      },
      "original": {
        "owner": "NixOS",
        "ref": "nixpkgs-unstable",
        "repo": "nixpkgs",
        "type": "github"
      }
    },
    "nixpkgs-lib": {
      "locked": {
        "lastModified": 1777168982,
        "narHash": "sha256-GOkGPcboWE9BmGCRMLX3worL4EMnsnG8MyKmXNeYuhQ=",
        "owner": "nix-community",
        "repo": "nixpkgs.lib",
        "rev": "f5901329dade4a6ea039af1433fb087bd9c1fe14",
        "type": "github"
      },
      "original": {
        "owner": "nix-community",
        "repo": "nixpkgs.lib",
        "type": "github"
      }
    },
    "nixpkgs-stable": {
      "locked": {
        "lastModified": 1779102034,
        "narHash": "sha256-vZJZjLo513IeI8hjzHFc6TDezUd4uCE2Eq4SNO3DNNg=",
        "owner": "NixOS",
        "repo": "nixpkgs",
        "rev": "687f05a9184cad4eaf905c48b63649e3a86f5433",
        "type": "github"
      },
      "original": {
        "owner": "NixOS",
        "ref": "nixos-25.11",
        "repo": "nixpkgs",
        "type": "github"
      }
    },
    "nixpkgs_2": {
      "locked": {
        "lastModified": 1779024751,
        "narHash": "sha256-fIE/HazjcoU/27WI3//uVg5AIntnVo1Q/GjMuBwPuHw=",
        "owner": "NixOS",
        "repo": "nixpkgs",
        "rev": "3849902757e881ccbf21df80d592e3b94a35131c",
        "type": "github"
      },
      "original": {
        "owner": "NixOS",
        "ref": "nixos-unstable-small",
        "repo": "nixpkgs",
        "type": "github"
      }
    },
    "nixpkgs_3": {
      "locked": {
        "lastModified": 1778869304,
        "narHash": "sha256-30sZNZoA1cqF5JNO9fVX+wgiQYjB7HJqqJ4ztCDeBZE=",
        "owner": "NixOS",
        "repo": "nixpkgs",
        "rev": "d233902339c02a9c334e7e593de68855ad26c4cb",
        "type": "github"
      },
      "original": {
        "owner": "NixOS",
        "ref": "nixos-unstable",
        "repo": "nixpkgs",
        "type": "github"
      }
    },
    "pi-ask-user": {
      "flake": false,
      "locked": {
        "lastModified": 1779540879,
        "narHash": "sha256-N36uhTrZTnurbm/LKlLtrffjI/rz+X3OX+MvijpsvK8=",
        "owner": "edlsh",
        "repo": "pi-ask-user",
        "rev": "0da409a2aba740cba8796e612f86b04b2487c012",
        "type": "github"
      },
      "original": {
        "owner": "edlsh",
        "repo": "pi-ask-user",
        "type": "github"
      }
    },
    "pi-claude-bridge": {
      "flake": false,
      "locked": {
        "lastModified": 1777925797,
        "narHash": "sha256-Bkr3l43zNPqtWv12xnCZ+dfHw3h9atqLYDM+UvinoZw=",
        "owner": "elidickinson",
        "repo": "pi-claude-bridge",
        "rev": "179b881f6c98b3b906c843c4e3487aefa3a58400",
        "type": "github"
      },
      "original": {
        "owner": "elidickinson",
        "repo": "pi-claude-bridge",
        "type": "github"
      }
    },
    "pi-mcp-adapter": {
      "flake": false,
      "locked": {
        "lastModified": 1779690548,
        "narHash": "sha256-eHz/uivSIZ8HOalSCZgyCyOWodQJq5GapAqpT2ryn1k=",
        "owner": "nicobailon",
        "repo": "pi-mcp-adapter",
        "rev": "1091b34da83d58bd2d9fcaff2dc31f449a94bf1f",
        "type": "github"
      },
      "original": {
        "owner": "nicobailon",
        "repo": "pi-mcp-adapter",
        "type": "github"
      }
    },
    "pi-rtk-optimizer": {
      "flake": false,
      "locked": {
        "lastModified": 1780317565,
        "narHash": "sha256-jrFC+CeH3g68OSxsSZQXL4BAj6U4CF73/1nXQRAGXns=",
        "owner": "MasuRii",
        "repo": "pi-rtk-optimizer",
        "rev": "0ec4ea1fd13ca47dc22d9d0c61742356b290afd1",
        "type": "github"
      },
      "original": {
        "owner": "MasuRii",
        "repo": "pi-rtk-optimizer",
        "type": "github"
      }
    },
    "pi-tool-display": {
      "flake": false,
      "locked": {
        "lastModified": 1780309015,
        "narHash": "sha256-mEyat3WgU+IBmxKwvI1ryHd54MR8C23ufvvJGMf/+fc=",
        "owner": "MasuRii",
        "repo": "pi-tool-display",
        "rev": "ff039e136e8f4057159b5a85a9adf6d10961afbc",
        "type": "github"
      },
      "original": {
        "owner": "MasuRii",
        "repo": "pi-tool-display",
        "type": "github"
      }
    },
    "pi-web-access": {
      "flake": false,
      "locked": {
        "lastModified": 1777757567,
        "narHash": "sha256-D9no4SLigH/t3/WfirixMbTEjcEwZwJXld8j7pwBCew=",
        "owner": "nicobailon",
        "repo": "pi-web-access",
        "rev": "076bf0db5e739b200286ca37486e4edd8d19123c",
        "type": "github"
      },
      "original": {
        "owner": "nicobailon",
        "repo": "pi-web-access",
        "type": "github"
      }
    },
    "root": {
      "inputs": {
        "bun2nix": [
          "llm-agents",
          "bun2nix"
        ],
        "context-mode": "context-mode",
        "home-manager": "home-manager",
        "llm-agents": "llm-agents",
        "mix-nix": "mix-nix",
        "nixpkgs": [
          "mix-nix",
          "nixpkgs"
        ],
        "pi-ask-user": "pi-ask-user",
        "pi-claude-bridge": "pi-claude-bridge",
        "pi-mcp-adapter": "pi-mcp-adapter",
        "pi-rtk-optimizer": "pi-rtk-optimizer",
        "pi-tool-display": "pi-tool-display",
        "pi-web-access": "pi-web-access"
      }
    },
    "systems": {
      "locked": {
        "lastModified": 1681028828,
        "narHash": "sha256-Vy1rq5AaRuLzOxct8nz4T6wlgyUR7zLU309k9mBC768=",
        "owner": "nix-systems",
        "repo": "default",
        "rev": "da67096a3b9bf56a91d16901293e51ba5b49a27e",
        "type": "github"
      },
      "original": {
        "owner": "nix-systems",
        "repo": "default",
        "type": "github"
      }
    },
    "systems_2": {
      "locked": {
        "lastModified": 1689347949,
        "narHash": "sha256-12tWmuL2zgBgZkdoB6qXZsgJEH9LR3oUgpaQq2RbI80=",
        "owner": "nix-systems",
        "repo": "default-linux",
        "rev": "31732fcf5e8fea42e59c2488ad31a0e651500f68",
        "type": "github"
      },
      "original": {
        "owner": "nix-systems",
        "repo": "default-linux",
        "type": "github"
      }
    },
    "treefmt-nix": {
      "inputs": {
        "nixpkgs": [
          "llm-agents",
          "nixpkgs"
        ]
      },
      "locked": {
        "lastModified": 1780220602,
        "narHash": "sha256-eynAfOmbmxJnkp7YewvCEbShNnnYJ9gLLqkzsYtBPeM=",
        "owner": "numtide",
        "repo": "treefmt-nix",
        "rev": "db947814a175b7ca6ded66e21383d938df01c227",
        "type": "github"
      },
      "original": {
        "owner": "numtide",
        "repo": "treefmt-nix",
        "type": "github"
      }
    }
  },
  "root": "root",
  "version": 7
}
