{
  "nodes": {
    "blueprint": {
      "inputs": {
        "nixpkgs": [
          "llm-agents",
          "nixpkgs"
        ],
        "systems": [
          "llm-agents",
          "systems"
        ]
      },
      "locked": {
        "lastModified": 1776249299,
        "narHash": "sha256-Dt9t1TGRmJFc0xVYhttNBD6QsAgHOHCArqGa0AyjrJY=",
        "owner": "numtide",
        "repo": "blueprint",
        "rev": "56131e8628f173d24a27f6d27c0215eff57e40dd",
        "type": "github"
      },
      "original": {
        "owner": "numtide",
        "repo": "blueprint",
        "type": "github"
      }
    },
    "bun2nix": {
      "inputs": {
        "flake-parts": [
          "llm-agents",
          "flake-parts"
        ],
        "nixpkgs": [
          "llm-agents",
          "nixpkgs"
        ],
        "systems": [
          "llm-agents",
          "systems"
        ],
        "treefmt-nix": [
          "llm-agents",
          "treefmt-nix"
        ]
      },
      "locked": {
        "lastModified": 1777369708,
        "narHash": "sha256-1xW7cRZNsFNPQD+cE0fwnLVStnDth0HSoASEIFeT7uI=",
        "owner": "nix-community",
        "repo": "bun2nix",
        "rev": "e659e1cc4b8e1b21d0aa85f1c481f9db61ecfa98",
        "type": "github"
      },
      "original": {
        "owner": "nix-community",
        "ref": "staging-2.1.0",
        "repo": "bun2nix",
        "type": "github"
      }
    },
    "cachyos-kernel": {
      "flake": false,
      "locked": {
        "lastModified": 1777886926,
        "narHash": "sha256-rcoMKM3n/WIxpt6XKLWublUrAf23RCC89TFqfFNKqbE=",
        "owner": "CachyOS",
        "repo": "linux-cachyos",
        "rev": "2de2942338b54e89531e7a2c38b3b9f29d93df52",
        "type": "github"
      },
      "original": {
        "owner": "CachyOS",
        "repo": "linux-cachyos",
        "type": "github"
      }
    },
    "cachyos-kernel-patches": {
      "flake": false,
      "locked": {
        "lastModified": 1777876120,
        "narHash": "sha256-fdFgVCoua3rsQyyHkgxcnwi0hUktR8UtcI/suS8jcbg=",
        "owner": "CachyOS",
        "repo": "kernel-patches",
        "rev": "e80ce8172953b8c199daf6a2850974bb12731ae9",
        "type": "github"
      },
      "original": {
        "owner": "CachyOS",
        "repo": "kernel-patches",
        "type": "github"
      }
    },
    "context-mode": {
      "flake": false,
      "locked": {
        "lastModified": 1778221996,
        "narHash": "sha256-FGq+S7pEfjBf5axDzquHSEpkXXgzjWQrhr7nLrf1Kx4=",
        "owner": "mksglu",
        "repo": "context-mode",
        "rev": "f2d4d18237a97c69dbbdd5e327a1f00fd8b2fbc2",
        "type": "github"
      },
      "original": {
        "owner": "mksglu",
        "repo": "context-mode",
        "type": "github"
      }
    },
    "flake-compat": {
      "flake": false,
      "locked": {
        "lastModified": 1767039857,
        "narHash": "sha256-vNpUSpF5Nuw8xvDLj2KCwwksIbjua2LZCqhV1LNRDns=",
        "owner": "NixOS",
        "repo": "flake-compat",
        "rev": "5edf11c44bc78a0d334f6334cdaf7d60d732daab",
        "type": "github"
      },
      "original": {
        "owner": "NixOS",
        "repo": "flake-compat",
        "type": "github"
      }
    },
    "flake-parts": {
      "inputs": {
        "nixpkgs-lib": [
          "llm-agents",
          "nixpkgs"
        ]
      },
      "locked": {
        "lastModified": 1777988971,
        "narHash": "sha256-qIoWPDs+0/8JecyYgE3gpKQxW/4bLW/gp45vow9ioCQ=",
        "owner": "hercules-ci",
        "repo": "flake-parts",
        "rev": "0678d8986be1661af6bb555f3489f2fdfc31f6ff",
        "type": "github"
      },
      "original": {
        "owner": "hercules-ci",
        "repo": "flake-parts",
        "type": "github"
      }
    },
    "flake-parts_2": {
      "inputs": {
        "nixpkgs-lib": [
          "mix-nix",
          "nixpkgs"
        ]
      },
      "locked": {
        "lastModified": 1777988971,
        "narHash": "sha256-qIoWPDs+0/8JecyYgE3gpKQxW/4bLW/gp45vow9ioCQ=",
        "owner": "hercules-ci",
        "repo": "flake-parts",
        "rev": "0678d8986be1661af6bb555f3489f2fdfc31f6ff",
        "type": "github"
      },
      "original": {
        "owner": "hercules-ci",
        "repo": "flake-parts",
        "type": "github"
      }
    },
    "flake-parts_3": {
      "inputs": {
        "nixpkgs-lib": "nixpkgs-lib"
      },
      "locked": {
        "lastModified": 1777988971,
        "narHash": "sha256-qIoWPDs+0/8JecyYgE3gpKQxW/4bLW/gp45vow9ioCQ=",
        "owner": "hercules-ci",
        "repo": "flake-parts",
        "rev": "0678d8986be1661af6bb555f3489f2fdfc31f6ff",
        "type": "github"
      },
      "original": {
        "owner": "hercules-ci",
        "repo": "flake-parts",
        "type": "github"
      }
    },
    "home-manager": {
      "inputs": {
        "nixpkgs": [
          "nixpkgs"
        ]
      },
      "locked": {
        "lastModified": 1778144356,
        "narHash": "sha256-dGM+QCstz/DyLB68+JK5GWyMx4QSqmOJEVgZmy63d/g=",
        "owner": "nix-community",
        "repo": "home-manager",
        "rev": "e4419d3123b780d5f4c0bceeace450424387638c",
        "type": "github"
      },
      "original": {
        "owner": "nix-community",
        "repo": "home-manager",
        "type": "github"
      }
    },
    "home-manager_2": {
      "inputs": {
        "nixpkgs": [
          "mix-nix",
          "nixpkgs"
        ]
      },
      "locked": {
        "lastModified": 1778009629,
        "narHash": "sha256-nUoQtf4Zq7DRYJrfv904hjrxjAlWVP6a1pNNFKx3FCg=",
        "owner": "nix-community",
        "repo": "home-manager",
        "rev": "00ed86e58bb6979a7921859fd1615d19382eac5c",
        "type": "github"
      },
      "original": {
        "owner": "nix-community",
        "repo": "home-manager",
        "type": "github"
      }
    },
    "llm-agents": {
      "inputs": {
        "blueprint": "blueprint",
        "bun2nix": "bun2nix",
        "flake-parts": "flake-parts",
        "nixpkgs": [
          "nixpkgs"
        ],
        "systems": "systems",
        "treefmt-nix": "treefmt-nix"
      },
      "locked": {
        "lastModified": 1778219255,
        "narHash": "sha256-fAJUly400K2SoP75LaZ7x1fhwau2BxI7XBY4UgFXm6A=",
        "owner": "numtide",
        "repo": "llm-agents.nix",
        "rev": "8dc08cc44249bacfabaf4e25e223ec9d1e7d677b",
        "type": "github"
      },
      "original": {
        "owner": "numtide",
        "repo": "llm-agents.nix",
        "type": "github"
      }
    },
    "matugen": {
      "inputs": {
        "nixpkgs": [
          "mix-nix",
          "nixpkgs"
        ],
        "systems": "systems_2"
      },
      "locked": {
        "lastModified": 1777975070,
        "narHash": "sha256-r1PePaASmWH7nAfoUYH6FU6/5oaUrH+KsCQCjCgXBuc=",
        "owner": "InioX",
        "repo": "Matugen",
        "rev": "c2882ee0f47504ba0f71eb0a2d712a463483e26f",
        "type": "github"
      },
      "original": {
        "owner": "InioX",
        "repo": "Matugen",
        "type": "github"
      }
    },
    "mix-nix": {
      "inputs": {
        "flake-parts": "flake-parts_2",
        "home-manager": "home-manager_2",
        "matugen": "matugen",
        "nix-cachyos-kernel": "nix-cachyos-kernel",
        "nixpkgs": "nixpkgs_2",
        "nixpkgs-stable": "nixpkgs-stable"
      },
      "locked": {
        "lastModified": 1778137560,
        "narHash": "sha256-6zk6r84emgqiLkDRJvqzivcZZ1O6PPhXCkuWCCkuDUs=",
        "ref": "refs/heads/main",
        "rev": "cc6ae07b11ead1d54f3f4e7ce46789541f251565",
        "revCount": 121,
        "type": "git",
        "url": "file:///repo/Nix/mix.nix"
      },
      "original": {
        "type": "git",
        "url": "file:///repo/Nix/mix.nix"
      }
    },
    "nix-cachyos-kernel": {
      "inputs": {
        "cachyos-kernel": "cachyos-kernel",
        "cachyos-kernel-patches": "cachyos-kernel-patches",
        "flake-compat": "flake-compat",
        "flake-parts": "flake-parts_3",
        "nixpkgs": "nixpkgs"
      },
      "locked": {
        "lastModified": 1778007484,
        "narHash": "sha256-Cja25jpugHHkNeilyzPaESAv7q+DjbyOPrN3o3a93z8=",
        "owner": "xddxdd",
        "repo": "nix-cachyos-kernel",
        "rev": "108bde94436f76f0ef63ef03ce103281da35197a",
        "type": "github"
      },
      "original": {
        "owner": "xddxdd",
        "ref": "release",
        "repo": "nix-cachyos-kernel",
        "type": "github"
      }
    },
    "nixpkgs": {
      "locked": {
        "lastModified": 1777973815,
        "narHash": "sha256-MrCLnhvI7jvZZGqZIX2WcehUQvF8BAVSEm++0BMYBrE=",
        "owner": "NixOS",
        "repo": "nixpkgs",
        "rev": "fdea16057723a4957f29571da8a38cabd255c5fa",
        "type": "github"
      },
      "original": {
        "owner": "NixOS",
        "ref": "nixos-unstable-small",
        "repo": "nixpkgs",
        "type": "github"
      }
    },
    "nixpkgs-lib": {
      "locked": {
        "lastModified": 1777168982,
        "narHash": "sha256-GOkGPcboWE9BmGCRMLX3worL4EMnsnG8MyKmXNeYuhQ=",
        "owner": "nix-community",
        "repo": "nixpkgs.lib",
        "rev": "f5901329dade4a6ea039af1433fb087bd9c1fe14",
        "type": "github"
      },
      "original": {
        "owner": "nix-community",
        "repo": "nixpkgs.lib",
        "type": "github"
      }
    },
    "nixpkgs-stable": {
      "locked": {
        "lastModified": 1778003029,
        "narHash": "sha256-q/nkKLDtHIyLjZpKhWk3cSK5IYsFqtMd6UtXF3ddjgA=",
        "owner": "NixOS",
        "repo": "nixpkgs",
        "rev": "0c88e1f2bdb93d5999019e99cb0e61e1fe2af4c5",
        "type": "github"
      },
      "original": {
        "owner": "NixOS",
        "ref": "nixos-25.11",
        "repo": "nixpkgs",
        "type": "github"
      }
    },
    "nixpkgs_2": {
      "locked": {
        "lastModified": 1777954456,
        "narHash": "sha256-hGdgeU2Nk87RAuZyYjyDjFL6LK7dAZN5RE9+hrDTkDU=",
        "owner": "NixOS",
        "repo": "nixpkgs",
        "rev": "549bd84d6279f9852cae6225e372cc67fb91a4c1",
        "type": "github"
      },
      "original": {
        "owner": "NixOS",
        "ref": "nixos-unstable",
        "repo": "nixpkgs",
        "type": "github"
      }
    },
    "pi-ask-user": {
      "flake": false,
      "locked": {
        "lastModified": 1778178772,
        "narHash": "sha256-lv2gaXdR4mPExoTdI1j/xz/lhYZnGSraTm5ZMnaXr5U=",
        "owner": "edlsh",
        "repo": "pi-ask-user",
        "rev": "80028f60436f340aa26c7b4b14733e54beca2ba3",
        "type": "github"
      },
      "original": {
        "owner": "edlsh",
        "repo": "pi-ask-user",
        "type": "github"
      }
    },
    "pi-rtk-optimizer": {
      "flake": false,
      "locked": {
        "lastModified": 1777857482,
        "narHash": "sha256-4S6Zlf/AbgPaZcWeuJ/sVbIL/3bwhtxelANh1KLDVfg=",
        "owner": "MasuRii",
        "repo": "pi-rtk-optimizer",
        "rev": "be80f7dbf0ae464ec7f0be49f26782d64da666ef",
        "type": "github"
      },
      "original": {
        "owner": "MasuRii",
        "repo": "pi-rtk-optimizer",
        "type": "github"
      }
    },
    "pi-simplify": {
      "flake": false,
      "locked": {
        "lastModified": 1777872429,
        "narHash": "sha256-Yy4yrWxbYFvbCpS+mgPrbdlJnXCKlQcQhrG2Mmc4T/4=",
        "owner": "geminixiang",
        "repo": "pi-simplify",
        "rev": "44315b0733eea2f2e1d0feca923ebb02f6a1109f",
        "type": "github"
      },
      "original": {
        "owner": "geminixiang",
        "repo": "pi-simplify",
        "type": "github"
      }
    },
    "pi-subagents": {
      "flake": false,
      "locked": {
        "lastModified": 1777786589,
        "narHash": "sha256-534OtNSO5/YBM3/407wFMf8dwfImw1e38251mnEn63Y=",
        "owner": "nicobailon",
        "repo": "pi-subagents",
        "rev": "3ee17de53d1a430b71519889741569c3991f99b7",
        "type": "github"
      },
      "original": {
        "owner": "nicobailon",
        "repo": "pi-subagents",
        "type": "github"
      }
    },
    "pi-web-access": {
      "flake": false,
      "locked": {
        "lastModified": 1777757567,
        "narHash": "sha256-D9no4SLigH/t3/WfirixMbTEjcEwZwJXld8j7pwBCew=",
        "owner": "nicobailon",
        "repo": "pi-web-access",
        "rev": "076bf0db5e739b200286ca37486e4edd8d19123c",
        "type": "github"
      },
      "original": {
        "owner": "nicobailon",
        "repo": "pi-web-access",
        "type": "github"
      }
    },
    "root": {
      "inputs": {
        "bun2nix": [
          "llm-agents",
          "bun2nix"
        ],
        "context-mode": "context-mode",
        "home-manager": "home-manager",
        "llm-agents": "llm-agents",
        "mix-nix": "mix-nix",
        "nixpkgs": [
          "mix-nix",
          "nixpkgs"
        ],
        "pi-ask-user": "pi-ask-user",
        "pi-rtk-optimizer": "pi-rtk-optimizer",
        "pi-simplify": "pi-simplify",
        "pi-subagents": "pi-subagents",
        "pi-web-access": "pi-web-access"
      }
    },
    "systems": {
      "locked": {
        "lastModified": 1681028828,
        "narHash": "sha256-Vy1rq5AaRuLzOxct8nz4T6wlgyUR7zLU309k9mBC768=",
        "owner": "nix-systems",
        "repo": "default",
        "rev": "da67096a3b9bf56a91d16901293e51ba5b49a27e",
        "type": "github"
      },
      "original": {
        "owner": "nix-systems",
        "repo": "default",
        "type": "github"
      }
    },
    "systems_2": {
      "locked": {
        "lastModified": 1689347949,
        "narHash": "sha256-12tWmuL2zgBgZkdoB6qXZsgJEH9LR3oUgpaQq2RbI80=",
        "owner": "nix-systems",
        "repo": "default-linux",
        "rev": "31732fcf5e8fea42e59c2488ad31a0e651500f68",
        "type": "github"
      },
      "original": {
        "owner": "nix-systems",
        "repo": "default-linux",
        "type": "github"
      }
    },
    "treefmt-nix": {
      "inputs": {
        "nixpkgs": [
          "llm-agents",
          "nixpkgs"
        ]
      },
      "locked": {
        "lastModified": 1775636079,
        "narHash": "sha256-pc20NRoMdiar8oPQceQT47UUZMBTiMdUuWrYu2obUP0=",
        "owner": "numtide",
        "repo": "treefmt-nix",
        "rev": "790751ff7fd3801feeaf96d7dc416a8d581265ba",
        "type": "github"
      },
      "original": {
        "owner": "numtide",
        "repo": "treefmt-nix",
        "type": "github"
      }
    }
  },
  "root": "root",
  "version": 7
}
